
Microsoft Visual Studio Solution File, Format Version 12.00
# Visual Studio Version 16
VisualStudioVersion = 16.0.30517.126
MinimumVisualStudioVersion = 10.0.40219.1
Project("{FAE04EC0-301F-11D3-BF4B-00C04F79EFBC}") = "OOPListsAndObjects", "OOPListsAndObjects\OOPListsAndObjects.csproj", "{7B91EEFF-142A-4536-8DA0-E0632590E7F2}"
EndProject
Global
	GlobalSection(SolutionConfigurationPlatforms) = preSolution
		Debug|Any CPU = Debug|Any CPU
		Release|Any CPU = Release|Any CPU
	EndGlobalSection
	GlobalSection(ProjectConfigurationPlatforms) = postSolution
		{7B91EEFF-142A-4536-8DA0-E0632590E7F2}.Debug|Any CPU.ActiveCfg = Debug|Any CPU
		{7B91EEFF-142A-4536-8DA0-E0632590E7F2}.Debug|Any CPU.Build.0 = Debug|Any CPU
		{7B91EEFF-142A-4536-8DA0-E0632590E7F2}.Release|Any CPU.ActiveCfg = Release|Any CPU
		{7B91EEFF-142A-4536-8DA0-E0632590E7F2}.Release|Any CPU.Build.0 = Release|Any CPU
	EndGlobalSection
	GlobalSection(SolutionProperties) = preSolution
		HideSolutionNode = FALSE
	EndGlobalSection
	GlobalSection(ExtensibilityGlobals) = postSolution
		SolutionGuid = {FC18423D-7824-4DFD-ABA0-2E9E27119A2A}
	EndGlobalSection
EndGlobal
